
Microsoft Visual Studio Solution File, Format Version 12.00
Project("{FAE04EC0-301F-11D3-BF4B-00C04F79EFBC}") = "WebApiHost", "WebApiHost\WebApiHost.csproj", "{F5044108-6900-4D63-B716-0EC10DB3E688}"
EndProject
Project("{2150E333-8FDC-42A3-9474-1A3956D46DE8}") = "charts", "charts", "{2D0FF3DB-980D-4C95-820F-9815E3FAD2B5}"
EndProject
Project("{2150E333-8FDC-42A3-9474-1A3956D46DE8}") = "webapihost", "webapihost", "{F60F09A1-AF4C-4680-BABB-5A79AC11404F}"
ProjectSection(SolutionItems) = preProject
	charts\webapihost\Chart.yaml = charts\webapihost\Chart.yaml
	charts\webapihost\values.yaml = charts\webapihost\values.yaml
EndProjectSection
EndProject
Project("{2150E333-8FDC-42A3-9474-1A3956D46DE8}") = "templates", "templates", "{89F3B5CE-3B7D-47C1-8AC5-D4A33BC4376D}"
ProjectSection(SolutionItems) = preProject
	charts\webapihost\templates\NOTES.txt = charts\webapihost\templates\NOTES.txt
	charts\webapihost\templates\_helpers.tpl = charts\webapihost\templates\_helpers.tpl
	charts\webapihost\templates\deployment.yaml = charts\webapihost\templates\deployment.yaml
	charts\webapihost\templates\ingress.yaml = charts\webapihost\templates\ingress.yaml
	charts\webapihost\templates\secrets.yaml = charts\webapihost\templates\secrets.yaml
	charts\webapihost\templates\service.yaml = charts\webapihost\templates\service.yaml
EndProjectSection
EndProject
Project("{2150E333-8FDC-42A3-9474-1A3956D46DE8}") = "ArmTemplates", "ArmTemplates", "{9606869B-F985-405D-93C9-B2084AE91B73}"
ProjectSection(SolutionItems) = preProject
	ArmTemplates\aks-applicationInsights.json = ArmTemplates\aks-applicationInsights.json
	ArmTemplates\aks-template.json = ArmTemplates\aks-template.json
	ArmTemplates\containerRegistry-template.json = ArmTemplates\containerRegistry-template.json
EndProjectSection
EndProject
Project("{FAE04EC0-301F-11D3-BF4B-00C04F79EFBC}") = "OrleansServer", "OrleansServer\OrleansServer.csproj", "{D2ECE09D-5079-4868-91A9-F8D55FB65DD6}"
EndProject
Project("{FAE04EC0-301F-11D3-BF4B-00C04F79EFBC}") = "Common", "Common\Common.csproj", "{0FF3B162-DF01-49D3-8166-26508814E9C5}"
EndProject
Project("{FAE04EC0-301F-11D3-BF4B-00C04F79EFBC}") = "GrainAbstractions", "GrainAbstractions\GrainAbstractions.csproj", "{EADB37BE-1868-421A-BD19-21556CC5EF54}"
EndProject
Project("{FAE04EC0-301F-11D3-BF4B-00C04F79EFBC}") = "Grains", "Grains\Grains.csproj", "{DB52E660-0C03-4F1E-A2E4-FE83B7E53540}"
EndProject
Project("{FAE04EC0-301F-11D3-BF4B-00C04F79EFBC}") = "OrleansClient", "OrleansClient\OrleansClient.csproj", "{3B060D5D-6517-44D9-B971-0DD4E98C5824}"
EndProject
Global
	GlobalSection(SolutionConfigurationPlatforms) = preSolution
		Debug|Any CPU = Debug|Any CPU
		Release|Any CPU = Release|Any CPU
	EndGlobalSection
	GlobalSection(ProjectConfigurationPlatforms) = postSolution
		{F5044108-6900-4D63-B716-0EC10DB3E688}.Debug|Any CPU.ActiveCfg = Debug|Any CPU
		{F5044108-6900-4D63-B716-0EC10DB3E688}.Debug|Any CPU.Build.0 = Debug|Any CPU
		{F5044108-6900-4D63-B716-0EC10DB3E688}.Release|Any CPU.ActiveCfg = Release|Any CPU
		{F5044108-6900-4D63-B716-0EC10DB3E688}.Release|Any CPU.Build.0 = Release|Any CPU
		{D2ECE09D-5079-4868-91A9-F8D55FB65DD6}.Debug|Any CPU.ActiveCfg = Debug|Any CPU
		{D2ECE09D-5079-4868-91A9-F8D55FB65DD6}.Debug|Any CPU.Build.0 = Debug|Any CPU
		{D2ECE09D-5079-4868-91A9-F8D55FB65DD6}.Release|Any CPU.ActiveCfg = Release|Any CPU
		{D2ECE09D-5079-4868-91A9-F8D55FB65DD6}.Release|Any CPU.Build.0 = Release|Any CPU
		{0FF3B162-DF01-49D3-8166-26508814E9C5}.Debug|Any CPU.ActiveCfg = Debug|Any CPU
		{0FF3B162-DF01-49D3-8166-26508814E9C5}.Debug|Any CPU.Build.0 = Debug|Any CPU
		{0FF3B162-DF01-49D3-8166-26508814E9C5}.Release|Any CPU.ActiveCfg = Release|Any CPU
		{0FF3B162-DF01-49D3-8166-26508814E9C5}.Release|Any CPU.Build.0 = Release|Any CPU
		{EADB37BE-1868-421A-BD19-21556CC5EF54}.Debug|Any CPU.ActiveCfg = Debug|Any CPU
		{EADB37BE-1868-421A-BD19-21556CC5EF54}.Debug|Any CPU.Build.0 = Debug|Any CPU
		{EADB37BE-1868-421A-BD19-21556CC5EF54}.Release|Any CPU.ActiveCfg = Release|Any CPU
		{EADB37BE-1868-421A-BD19-21556CC5EF54}.Release|Any CPU.Build.0 = Release|Any CPU
		{DB52E660-0C03-4F1E-A2E4-FE83B7E53540}.Debug|Any CPU.ActiveCfg = Debug|Any CPU
		{DB52E660-0C03-4F1E-A2E4-FE83B7E53540}.Debug|Any CPU.Build.0 = Debug|Any CPU
		{DB52E660-0C03-4F1E-A2E4-FE83B7E53540}.Release|Any CPU.ActiveCfg = Release|Any CPU
		{DB52E660-0C03-4F1E-A2E4-FE83B7E53540}.Release|Any CPU.Build.0 = Release|Any CPU
		{3B060D5D-6517-44D9-B971-0DD4E98C5824}.Debug|Any CPU.ActiveCfg = Debug|Any CPU
		{3B060D5D-6517-44D9-B971-0DD4E98C5824}.Debug|Any CPU.Build.0 = Debug|Any CPU
		{3B060D5D-6517-44D9-B971-0DD4E98C5824}.Release|Any CPU.ActiveCfg = Release|Any CPU
		{3B060D5D-6517-44D9-B971-0DD4E98C5824}.Release|Any CPU.Build.0 = Release|Any CPU
	EndGlobalSection
	GlobalSection(NestedProjects) = preSolution
		{F60F09A1-AF4C-4680-BABB-5A79AC11404F} = {2D0FF3DB-980D-4C95-820F-9815E3FAD2B5}
		{89F3B5CE-3B7D-47C1-8AC5-D4A33BC4376D} = {F60F09A1-AF4C-4680-BABB-5A79AC11404F}
	EndGlobalSection
EndGlobal
